
Microsoft Visual Studio Solution File, Format Version 12.00
# Visual Studio 2017
Project("{FAE04EC0-301F-11D3-BF4B-00C04F79EFBC}") = "AI_Test", "AI_Test.csproj", "{580D9E45-FB83-0C9A-6A97-42C8DC99CCB7}"
EndProject
Global
	GlobalSection(SolutionConfigurationPlatforms) = preSolution
		Debug|Any CPU = Debug|Any CPU
		Release|Any CPU = Release|Any CPU
	EndGlobalSection
	GlobalSection(ProjectConfigurationPlatforms) = postSolution
		{580D9E45-FB83-0C9A-6A97-42C8DC99CCB7}.Debug|Any CPU.ActiveCfg = Debug|Any CPU
		{580D9E45-FB83-0C9A-6A97-42C8DC99CCB7}.Debug|Any CPU.Build.0 = Debug|Any CPU
		{580D9E45-FB83-0C9A-6A97-42C8DC99CCB7}.Release|Any CPU.ActiveCfg = Release|Any CPU
		{580D9E45-FB83-0C9A-6A97-42C8DC99CCB7}.Release|Any CPU.Build.0 = Release|Any CPU
	EndGlobalSection
	GlobalSection(SolutionProperties) = preSolution
		HideSolutionNode = FALSE
	EndGlobalSection
EndGlobal
